
Microsoft Visual Studio Solution File, Format Version 11.00
# Visual Studio 2010
Project("{FAE04EC0-301F-11D3-BF4B-00C04F79EFBC}") = "AO_J", "AO_J\AO_J.csproj", "{008BDD3B-0BE9-4FBC-8386-95107BF18982}"
EndProject
Global
	GlobalSection(SolutionConfigurationPlatforms) = preSolution
		Debug|Any CPU = Debug|Any CPU
		Release|Any CPU = Release|Any CPU
	EndGlobalSection
	GlobalSection(ProjectConfigurationPlatforms) = postSolution
		{008BDD3B-0BE9-4FBC-8386-95107BF18982}.Debug|Any CPU.ActiveCfg = Debug|Any CPU
		{008BDD3B-0BE9-4FBC-8386-95107BF18982}.Debug|Any CPU.Build.0 = Debug|Any CPU
		{008BDD3B-0BE9-4FBC-8386-95107BF18982}.Release|Any CPU.ActiveCfg = Release|Any CPU
		{008BDD3B-0BE9-4FBC-8386-95107BF18982}.Release|Any CPU.Build.0 = Release|Any CPU
	EndGlobalSection
	GlobalSection(SolutionProperties) = preSolution
		HideSolutionNode = FALSE
	EndGlobalSection
EndGlobal
